
Microsoft Visual Studio Solution File, Format Version 12.00
# Visual Studio Version 16
VisualStudioVersion = 16.0.29519.87
MinimumVisualStudioVersion = 10.0.40219.1
Project("{FAE04EC0-301F-11D3-BF4B-00C04F79EFBC}") = "ProxyPunch", "ProxyPunch\ProxyPunch.csproj", "{23A93A99-7FF3-4127-8C12-B9F1284540B5}"
EndProject
Global
	GlobalSection(SolutionConfigurationPlatforms) = preSolution
		Debug|Any CPU = Debug|Any CPU
		Release|Any CPU = Release|Any CPU
	EndGlobalSection
	GlobalSection(ProjectConfigurationPlatforms) = postSolution
		{23A93A99-7FF3-4127-8C12-B9F1284540B5}.Debug|Any CPU.ActiveCfg = Debug|Any CPU
		{23A93A99-7FF3-4127-8C12-B9F1284540B5}.Debug|Any CPU.Build.0 = Debug|Any CPU
		{23A93A99-7FF3-4127-8C12-B9F1284540B5}.Release|Any CPU.ActiveCfg = Release|Any CPU
		{23A93A99-7FF3-4127-8C12-B9F1284540B5}.Release|Any CPU.Build.0 = Release|Any CPU
	EndGlobalSection
	GlobalSection(SolutionProperties) = preSolution
		HideSolutionNode = FALSE
	EndGlobalSection
	GlobalSection(ExtensibilityGlobals) = postSolution
		SolutionGuid = {84B85736-1CDD-48C3-A5C0-A943681110E4}
	EndGlobalSection
EndGlobal
